
Microsoft Visual Studio Solution File, Format Version 12.00
# Visual Studio 14
VisualStudioVersion = 14.0.25123.0
MinimumVisualStudioVersion = 10.0.40219.1
Project("{FAE04EC0-301F-11D3-BF4B-00C04F79EFBC}") = "FAML", "FAML\FAML.csproj", "{46FF26F7-C0F3-4C2C-90AB-B6F427D5D38F}"
EndProject
Global
	GlobalSection(SolutionConfigurationPlatforms) = preSolution
		Debug|Any CPU = Debug|Any CPU
		Release|Any CPU = Release|Any CPU
	EndGlobalSection
	GlobalSection(ProjectConfigurationPlatforms) = postSolution
		{46FF26F7-C0F3-4C2C-90AB-B6F427D5D38F}.Debug|Any CPU.ActiveCfg = Release|Any CPU
		{46FF26F7-C0F3-4C2C-90AB-B6F427D5D38F}.Debug|Any CPU.Build.0 = Release|Any CPU
		{46FF26F7-C0F3-4C2C-90AB-B6F427D5D38F}.Release|Any CPU.ActiveCfg = Release|Any CPU
		{46FF26F7-C0F3-4C2C-90AB-B6F427D5D38F}.Release|Any CPU.Build.0 = Release|Any CPU
	EndGlobalSection
	GlobalSection(SolutionProperties) = preSolution
		HideSolutionNode = FALSE
	EndGlobalSection
EndGlobal
